{
  "requires": true,
  "lockfileVersion": 1,
  "dependencies": {
    "create-next-app": {
      "version": "12.0.7",
      "resolved": "https://registry.npmjs.org/create-next-app/-/create-next-app-12.0.7.tgz",
      "integrity": "sha512-TVYs5h9LzPrNVrIXBJT1YEhP0qRJj9otq3e+SpUoqIas+CWxJeAVfLb95I4SlVxdTyjQwS03hIPvh2ZKceu5DA=="
    }
  }
}
